github.com/golang-jwt/jwt/v5 v5.2.1 h1:OuVbFODueb089Lh128TAcimifWaLhJwVflnrgM17wHk=
github.com/golang-jwt/jwt/v5 v5.2.1/go.mod h1:pqrtFR0X4osieyHYxtmOUWsAWrfe1Q5UVIyoH402zdk=
github.com/ralvarezdev/go-flags v0.2.0 h1:NdMuJgCv2f9RysYOMHQQM1BT9HGv6PPNDRYPT5T+d2c=
github.com/ralvarezdev/go-flags v0.2.0/go.mod h1:pYw9H7NJ07Y5asZDC/EI5bpBLR0kdL2ISsh6X5ws+3s=
github.com/ralvarezdev/go-logger v0.1.0 h1:i2AI1nlxU6Hizvk75Vc8wtFydiVrqIeeRbJwiuO/69A=
github.com/ralvarezdev/go-logger v0.1.0/go.mod h1:v5OvFrkS+wsYNTCVegXWiRhBtcYrQJr4LDMDntvpAos=
golang.org/x/crypto v0.31.0 h1:ihbySMvVjLAeSH1IbfcRTkD/iNscyz8rGzjF/E5hV6U=
golang.org/x/crypto v0.31.0/go.mod h1:kDsLvtWBEx7MV9tJOj9bnXsPbxwJQ6csT/x4KIN4Ssk=
